
Microsoft Visual Studio Solution File, Format Version 12.00
# Visual Studio Version 17
VisualStudioVersion = 17.8.34525.116
MinimumVisualStudioVersion = 10.0.40219.1
Project("{FAE04EC0-301F-11D3-BF4B-00C04F79EFBC}") = "ConsoleAppTabuada", "ConsoleAppTabuada\ConsoleAppTabuada.csproj", "{4175B1E4-5022-44E6-8F81-96F947E4284E}"
EndProject
Global
	GlobalSection(SolutionConfigurationPlatforms) = preSolution
		Debug|Any CPU = Debug|Any CPU
		Release|Any CPU = Release|Any CPU
	EndGlobalSection
	GlobalSection(ProjectConfigurationPlatforms) = postSolution
		{4175B1E4-5022-44E6-8F81-96F947E4284E}.Debug|Any CPU.ActiveCfg = Debug|Any CPU
		{4175B1E4-5022-44E6-8F81-96F947E4284E}.Debug|Any CPU.Build.0 = Debug|Any CPU
		{4175B1E4-5022-44E6-8F81-96F947E4284E}.Release|Any CPU.ActiveCfg = Release|Any CPU
		{4175B1E4-5022-44E6-8F81-96F947E4284E}.Release|Any CPU.Build.0 = Release|Any CPU
	EndGlobalSection
	GlobalSection(SolutionProperties) = preSolution
		HideSolutionNode = FALSE
	EndGlobalSection
	GlobalSection(ExtensibilityGlobals) = postSolution
		SolutionGuid = {982DB837-41D5-4409-9FB9-678817B074EE}
	EndGlobalSection
EndGlobal
